
Microsoft Visual Studio Solution File, Format Version 12.00
# Visual Studio Version 17
VisualStudioVersion = 17.4.33213.308
MinimumVisualStudioVersion = 10.0.40219.1
Project("{9A19103F-16F7-4668-BE54-9A1E7A4F7556}") = "BioMed.Api", "BioMed.Api\BioMed.Api.csproj", "{6392BE8E-379B-4A7D-A626-3393AC8561A5}"
EndProject
Project("{9A19103F-16F7-4668-BE54-9A1E7A4F7556}") = "BioMed.Domain", "BioMed.Domain\BioMed.Domain.csproj", "{6B100D7E-39B9-4D19-867C-EC2697FE0222}"
EndProject
Project("{9A19103F-16F7-4668-BE54-9A1E7A4F7556}") = "BioMed.Services", "BioMed.Services\BioMed.Services.csproj", "{702CC0FA-C119-41DD-A93C-4C764B90FC16}"
EndProject
Project("{FAE04EC0-301F-11D3-BF4B-00C04F79EFBC}") = "BioMed.Infrastructure", "BioMed.Infrastructure\BioMed.Infrastructure.csproj", "{47D19101-BD7D-4521-AB88-2B81F8EE7DD0}"
EndProject
Global
	GlobalSection(SolutionConfigurationPlatforms) = preSolution
		Debug|Any CPU = Debug|Any CPU
		Release|Any CPU = Release|Any CPU
	EndGlobalSection
	GlobalSection(ProjectConfigurationPlatforms) = postSolution
		{6392BE8E-379B-4A7D-A626-3393AC8561A5}.Debug|Any CPU.ActiveCfg = Debug|Any CPU
		{6392BE8E-379B-4A7D-A626-3393AC8561A5}.Debug|Any CPU.Build.0 = Debug|Any CPU
		{6392BE8E-379B-4A7D-A626-3393AC8561A5}.Release|Any CPU.ActiveCfg = Release|Any CPU
		{6392BE8E-379B-4A7D-A626-3393AC8561A5}.Release|Any CPU.Build.0 = Release|Any CPU
		{6B100D7E-39B9-4D19-867C-EC2697FE0222}.Debug|Any CPU.ActiveCfg = Debug|Any CPU
		{6B100D7E-39B9-4D19-867C-EC2697FE0222}.Debug|Any CPU.Build.0 = Debug|Any CPU
		{6B100D7E-39B9-4D19-867C-EC2697FE0222}.Release|Any CPU.ActiveCfg = Release|Any CPU
		{6B100D7E-39B9-4D19-867C-EC2697FE0222}.Release|Any CPU.Build.0 = Release|Any CPU
		{702CC0FA-C119-41DD-A93C-4C764B90FC16}.Debug|Any CPU.ActiveCfg = Debug|Any CPU
		{702CC0FA-C119-41DD-A93C-4C764B90FC16}.Debug|Any CPU.Build.0 = Debug|Any CPU
		{702CC0FA-C119-41DD-A93C-4C764B90FC16}.Release|Any CPU.ActiveCfg = Release|Any CPU
		{702CC0FA-C119-41DD-A93C-4C764B90FC16}.Release|Any CPU.Build.0 = Release|Any CPU
		{47D19101-BD7D-4521-AB88-2B81F8EE7DD0}.Debug|Any CPU.ActiveCfg = Debug|Any CPU
		{47D19101-BD7D-4521-AB88-2B81F8EE7DD0}.Debug|Any CPU.Build.0 = Debug|Any CPU
		{47D19101-BD7D-4521-AB88-2B81F8EE7DD0}.Release|Any CPU.ActiveCfg = Release|Any CPU
		{47D19101-BD7D-4521-AB88-2B81F8EE7DD0}.Release|Any CPU.Build.0 = Release|Any CPU
	EndGlobalSection
	GlobalSection(SolutionProperties) = preSolution
		HideSolutionNode = FALSE
	EndGlobalSection
	GlobalSection(ExtensibilityGlobals) = postSolution
		SolutionGuid = {CF391559-63B2-410B-A443-A27F43457361}
	EndGlobalSection
EndGlobal
